// !$*UTF8*$!
{
	archiveVersion = 1;
	classes = {
	};
	objectVersion = 50;
	objects = {

/* Begin PBXBuildFile section */
		64500B2A4936AB72E7A1B694 /* Pods_EngineerAITest.framework in Frameworks */ = {isa = PBXBuildFile; fileRef = F70F03E5C2F3F0567B168911 /* Pods_EngineerAITest.framework */; };
		6FD0F93022F44D1F007E3505 /* AppDelegate.swift in Sources */ = {isa = PBXBuildFile; fileRef = 6FD0F92F22F44D1F007E3505 /* AppDelegate.swift */; };
		6FD0F93222F44D1F007E3505 /* ViewController.swift in Sources */ = {isa = PBXBuildFile; fileRef = 6FD0F93122F44D1F007E3505 /* ViewController.swift */; };
		6FD0F93522F44D1F007E3505 /* Main.storyboard in Resources */ = {isa = PBXBuildFile; fileRef = 6FD0F93322F44D1F007E3505 /* Main.storyboard */; };
		6FD0F93722F44D20007E3505 /* Assets.xcassets in Resources */ = {isa = PBXBuildFile; fileRef = 6FD0F93622F44D20007E3505 /* Assets.xcassets */; };
		6FD0F93A22F44D20007E3505 /* LaunchScreen.storyboard in Resources */ = {isa = PBXBuildFile; fileRef = 6FD0F93822F44D20007E3505 /* LaunchScreen.storyboard */; };
		6FD0F94722F44DF7007E3505 /* Date+Helper.swift in Sources */ = {isa = PBXBuildFile; fileRef = 6FD0F94622F44DF7007E3505 /* Date+Helper.swift */; };
		6FD0F94922F44E12007E3505 /* ResponseCell.swift in Sources */ = {isa = PBXBuildFile; fileRef = 6FD0F94822F44E12007E3505 /* ResponseCell.swift */; };
		6FD0F94B22F44E78007E3505 /* Response.swift in Sources */ = {isa = PBXBuildFile; fileRef = 6FD0F94A22F44E78007E3505 /* Response.swift */; };
/* End PBXBuildFile section */

/* Begin PBXFileReference section */
		112FFA5F68BFF528C77FF49A /* Pods-EngineerAITest.debug.xcconfig */ = {isa = PBXFileReference; includeInIndex = 1; lastKnownFileType = text.xcconfig; name = "Pods-EngineerAITest.debug.xcconfig"; path = "Pods/Target Support Files/Pods-EngineerAITest/Pods-EngineerAITest.debug.xcconfig"; sourceTree = "<group>"; };
		6FD0F92C22F44D1F007E3505 /* EngineerAITest.app */ = {isa = PBXFileReference; explicitFileType = wrapper.application; includeInIndex = 0; path = EngineerAITest.app; sourceTree = BUILT_PRODUCTS_DIR; };
		6FD0F92F22F44D1F007E3505 /* AppDelegate.swift */ = {isa = PBXFileReference; lastKnownFileType = sourcecode.swift; path = AppDelegate.swift; sourceTree = "<group>"; };
		6FD0F93122F44D1F007E3505 /* ViewController.swift */ = {isa = PBXFileReference; lastKnownFileType = sourcecode.swift; path = ViewController.swift; sourceTree = "<group>"; };
		6FD0F93422F44D1F007E3505 /* Base */ = {isa = PBXFileReference; lastKnownFileType = file.storyboard; name = Base; path = Base.lproj/Main.storyboard; sourceTree = "<group>"; };
		6FD0F93622F44D20007E3505 /* Assets.xcassets */ = {isa = PBXFileReference; lastKnownFileType = folder.assetcatalog; path = Assets.xcassets; sourceTree = "<group>"; };
		6FD0F93922F44D20007E3505 /* Base */ = {isa = PBXFileReference; lastKnownFileType = file.storyboard; name = Base; path = Base.lproj/LaunchScreen.storyboard; sourceTree = "<group>"; };
		6FD0F93B22F44D20007E3505 /* Info.plist */ = {isa = PBXFileReference; lastKnownFileType = text.plist.xml; path = Info.plist; sourceTree = "<group>"; };
		6FD0F94622F44DF7007E3505 /* Date+Helper.swift */ = {isa = PBXFileReference; lastKnownFileType = sourcecode.swift; path = "Date+Helper.swift"; sourceTree = "<group>"; };
		6FD0F94822F44E12007E3505 /* ResponseCell.swift */ = {isa = PBXFileReference; lastKnownFileType = sourcecode.swift; path = ResponseCell.swift; sourceTree = "<group>"; };
		6FD0F94A22F44E78007E3505 /* Response.swift */ = {isa = PBXFileReference; lastKnownFileType = sourcecode.swift; path = Response.swift; sourceTree = "<group>"; };
		EEC2B341D3BCCD38EF952AA5 /* Pods-EngineerAITest.release.xcconfig */ = {isa = PBXFileReference; includeInIndex = 1; lastKnownFileType = text.xcconfig; name = "Pods-EngineerAITest.release.xcconfig"; path = "Pods/Target Support Files/Pods-EngineerAITest/Pods-EngineerAITest.release.xcconfig"; sourceTree = "<group>"; };
		F70F03E5C2F3F0567B168911 /* Pods_EngineerAITest.framework */ = {isa = PBXFileReference; explicitFileType = wrapper.framework; includeInIndex = 0; path = Pods_EngineerAITest.framework; sourceTree = BUILT_PRODUCTS_DIR; };
/* End PBXFileReference section */

/* Begin PBXFrameworksBuildPhase section */
		6FD0F92922F44D1F007E3505 /* Frameworks */ = {
			isa = PBXFrameworksBuildPhase;
			buildActionMask = 2147483647;
			files = (
				64500B2A4936AB72E7A1B694 /* Pods_EngineerAITest.framework in Frameworks */,
			);
			runOnlyForDeploymentPostprocessing = 0;
		};
/* End PBXFrameworksBuildPhase section */

/* Begin PBXGroup section */
		6FD0F92322F44D1F007E3505 = {
			isa = PBXGroup;
			children = (
				6FD0F92E22F44D1F007E3505 /* EngineerAITest */,
				6FD0F92D22F44D1F007E3505 /* Products */,
				C25C7C3093B15720DE82F9B8 /* Pods */,
				B9145F2418E078B4377F5965 /* Frameworks */,
			);
			sourceTree = "<group>";
		};
		6FD0F92D22F44D1F007E3505 /* Products */ = {
			isa = PBXGroup;
			children = (
				6FD0F92C22F44D1F007E3505 /* EngineerAITest.app */,
			);
			name = Products;
			sourceTree = "<group>";
		};
		6FD0F92E22F44D1F007E3505 /* EngineerAITest */ = {
			isa = PBXGroup;
			children = (
				6FD0F93B22F44D20007E3505 /* Info.plist */,
				6FD0F92F22F44D1F007E3505 /* AppDelegate.swift */,
				6FD0F94322F44D8E007E3505 /* Library */,
				6FD0F94522F44DB4007E3505 /* Cells */,
				6FD0F94422F44DAC007E3505 /* StoryBords */,
				6FD0F94122F44D7C007E3505 /* Models */,
				6FD0F94222F44D82007E3505 /* ViewControllers */,
				6FD0F93622F44D20007E3505 /* Assets.xcassets */,
			);
			path = EngineerAITest;
			sourceTree = "<group>";
		};
		6FD0F94122F44D7C007E3505 /* Models */ = {
			isa = PBXGroup;
			children = (
				6FD0F94A22F44E78007E3505 /* Response.swift */,
			);
			path = Models;
			sourceTree = "<group>";
		};
		6FD0F94222F44D82007E3505 /* ViewControllers */ = {
			isa = PBXGroup;
			children = (
				6FD0F93122F44D1F007E3505 /* ViewController.swift */,
			);
			path = ViewControllers;
			sourceTree = "<group>";
		};
		6FD0F94322F44D8E007E3505 /* Library */ = {
			isa = PBXGroup;
			children = (
				6FD0F94622F44DF7007E3505 /* Date+Helper.swift */,
			);
			path = Library;
			sourceTree = "<group>";
		};
		6FD0F94422F44DAC007E3505 /* StoryBords */ = {
			isa = PBXGroup;
			children = (
				6FD0F93822F44D20007E3505 /* LaunchScreen.storyboard */,
				6FD0F93322F44D1F007E3505 /* Main.storyboard */,
			);
			path = StoryBords;
			sourceTree = "<group>";
		};
		6FD0F94522F44DB4007E3505 /* Cells */ = {
			isa = PBXGroup;
			children = (
				6FD0F94822F44E12007E3505 /* ResponseCell.swift */,
			);
			path = Cells;
			sourceTree = "<group>";
		};
		B9145F2418E078B4377F5965 /* Frameworks */ = {
			isa = PBXGroup;
			children = (
				F70F03E5C2F3F0567B168911 /* Pods_EngineerAITest.framework */,
			);
			name = Frameworks;
			sourceTree = "<group>";
		};
		C25C7C3093B15720DE82F9B8 /* Pods */ = {
			isa = PBXGroup;
			children = (
				112FFA5F68BFF528C77FF49A /* Pods-EngineerAITest.debug.xcconfig */,
				EEC2B341D3BCCD38EF952AA5 /* Pods-EngineerAITest.release.xcconfig */,
			);
			name = Pods;
			sourceTree = "<group>";
		};
/* End PBXGroup section */

/* Begin PBXNativeTarget section */
		6FD0F92B22F44D1F007E3505 /* EngineerAITest */ = {
			isa = PBXNativeTarget;
			buildConfigurationList = 6FD0F93E22F44D20007E3505 /* Build configuration list for PBXNativeTarget "EngineerAITest" */;
			buildPhases = (
				190E3A695C923B37824295D5 /* [CP] Check Pods Manifest.lock */,
				6FD0F92822F44D1F007E3505 /* Sources */,
				6FD0F92922F44D1F007E3505 /* Frameworks */,
				6FD0F92A22F44D1F007E3505 /* Resources */,
				6125F4BA6EF251774C6F9772 /* [CP] Embed Pods Frameworks */,
			);
			buildRules = (
			);
			dependencies = (
			);
			name = EngineerAITest;
			productName = EngineerAITest;
			productReference = 6FD0F92C22F44D1F007E3505 /* EngineerAITest.app */;
			productType = "com.apple.product-type.application";
		};
/* End PBXNativeTarget section */

/* Begin PBXProject section */
		6FD0F92422F44D1F007E3505 /* Project object */ = {
			isa = PBXProject;
			attributes = {
				LastSwiftUpdateCheck = 1030;
				LastUpgradeCheck = 1030;
				ORGANIZATIONNAME = PCQ184;
				TargetAttributes = {
					6FD0F92B22F44D1F007E3505 = {
						CreatedOnToolsVersion = 10.3;
					};
				};
			};
			buildConfigurationList = 6FD0F92722F44D1F007E3505 /* Build configuration list for PBXProject "EngineerAITest" */;
			compatibilityVersion = "Xcode 9.3";
			developmentRegion = en;
			hasScannedForEncodings = 0;
			knownRegions = (
				en,
				Base,
			);
			mainGroup = 6FD0F92322F44D1F007E3505;
			productRefGroup = 6FD0F92D22F44D1F007E3505 /* Products */;
			projectDirPath = "";
			projectRoot = "";
			targets = (
				6FD0F92B22F44D1F007E3505 /* EngineerAITest */,
			);
		};
/* End PBXProject section */

/* Begin PBXResourcesBuildPhase section */
		6FD0F92A22F44D1F007E3505 /* Resources */ = {
			isa = PBXResourcesBuildPhase;
			buildActionMask = 2147483647;
			files = (
				6FD0F93A22F44D20007E3505 /* LaunchScreen.storyboard in Resources */,
				6FD0F93722F44D20007E3505 /* Assets.xcassets in Resources */,
				6FD0F93522F44D1F007E3505 /* Main.storyboard in Resources */,
			);
			runOnlyForDeploymentPostprocessing = 0;
		};
/* End PBXResourcesBuildPhase section */

/* Begin PBXShellScriptBuildPhase section */
		190E3A695C923B37824295D5 /* [CP] Check Pods Manifest.lock */ = {
			isa = PBXShellScriptBuildPhase;
			buildActionMask = 2147483647;
			files = (
			);
			inputFileListPaths = (
			);
			inputPaths = (
				"${PODS_PODFILE_DIR_PATH}/Podfile.lock",
				"${PODS_ROOT}/Manifest.lock",
			);
			name = "[CP] Check Pods Manifest.lock";
			outputFileListPaths = (
			);
			outputPaths = (
				"$(DERIVED_FILE_DIR)/Pods-EngineerAITest-checkManifestLockResult.txt",
			);
			runOnlyForDeploymentPostprocessing = 0;
			shellPath = /bin/sh;
			shellScript = "diff \"${PODS_PODFILE_DIR_PATH}/Podfile.lock\" \"${PODS_ROOT}/Manifest.lock\" > /dev/null\nif [ $? != 0 ] ; then\n    # print error to STDERR\n    echo \"error: The sandbox is not in sync with the Podfile.lock. Run 'pod install' or update your CocoaPods installation.\" >&2\n    exit 1\nfi\n# This output is used by Xcode 'outputs' to avoid re-running this script phase.\necho \"SUCCESS\" > \"${SCRIPT_OUTPUT_FILE_0}\"\n";
			showEnvVarsInLog = 0;
		};
		6125F4BA6EF251774C6F9772 /* [CP] Embed Pods Frameworks */ = {
			isa = PBXShellScriptBuildPhase;
			buildActionMask = 2147483647;
			files = (
			);
			inputFileListPaths = (
			);
			inputPaths = (
				"${SRCROOT}/Pods/Target Support Files/Pods-EngineerAITest/Pods-EngineerAITest-frameworks.sh",
				"${BUILT_PRODUCTS_DIR}/Alamofire/Alamofire.framework",
				"${BUILT_PRODUCTS_DIR}/SVProgressHUD/SVProgressHUD.framework",
				"${BUILT_PRODUCTS_DIR}/SwiftyJSON/SwiftyJSON.framework",
			);
			name = "[CP] Embed Pods Frameworks";
			outputFileListPaths = (
			);
			outputPaths = (
				"${TARGET_BUILD_DIR}/${FRAMEWORKS_FOLDER_PATH}/Alamofire.framework",
				"${TARGET_BUILD_DIR}/${FRAMEWORKS_FOLDER_PATH}/SVProgressHUD.framework",
				"${TARGET_BUILD_DIR}/${FRAMEWORKS_FOLDER_PATH}/SwiftyJSON.framework",
			);
			runOnlyForDeploymentPostprocessing = 0;
			shellPath = /bin/sh;
			shellScript = "\"${SRCROOT}/Pods/Target Support Files/Pods-EngineerAITest/Pods-EngineerAITest-frameworks.sh\"\n";
			showEnvVarsInLog = 0;
		};
/* End PBXShellScriptBuildPhase section */

/* Begin PBXSourcesBuildPhase section */
		6FD0F92822F44D1F007E3505 /* Sources */ = {
			isa = PBXSourcesBuildPhase;
			buildActionMask = 2147483647;
			files = (
				6FD0F94922F44E12007E3505 /* ResponseCell.swift in Sources */,
				6FD0F93222F44D1F007E3505 /* ViewController.swift in Sources */,
				6FD0F93022F44D1F007E3505 /* AppDelegate.swift in Sources */,
				6FD0F94722F44DF7007E3505 /* Date+Helper.swift in Sources */,
				6FD0F94B22F44E78007E3505 /* Response.swift in Sources */,
			);
			runOnlyForDeploymentPostprocessing = 0;
		};
/* End PBXSourcesBuildPhase section */

/* Begin PBXVariantGroup section */
		6FD0F93322F44D1F007E3505 /* Main.storyboard */ = {
			isa = PBXVariantGroup;
			children = (
				6FD0F93422F44D1F007E3505 /* Base */,
			);
			name = Main.storyboard;
			sourceTree = "<group>";
		};
		6FD0F93822F44D20007E3505 /* LaunchScreen.storyboard */ = {
			isa = PBXVariantGroup;
			children = (
				6FD0F93922F44D20007E3505 /* Base */,
			);
			name = LaunchScreen.storyboard;
			sourceTree = "<group>";
		};
/* End PBXVariantGroup section */

/* Begin XCBuildConfiguration section */
		6FD0F93C22F44D20007E3505 /* Debug */ = {
			isa = XCBuildConfiguration;
			buildSettings = {
				ALWAYS_SEARCH_USER_PATHS = NO;
				CLANG_ANALYZER_NONNULL = YES;
				CLANG_ANALYZER_NUMBER_OBJECT_CONVERSION = YES_AGGRESSIVE;
				CLANG_CXX_LANGUAGE_STANDARD = "gnu++14";
				CLANG_CXX_LIBRARY = "libc++";
				CLANG_ENABLE_MODULES = YES;
				CLANG_ENABLE_OBJC_ARC = YES;
				CLANG_ENABLE_OBJC_WEAK = YES;
				CLANG_WARN_BLOCK_CAPTURE_AUTORELEASING = YES;
				CLANG_WARN_BOOL_CONVERSION = YES;
				CLANG_WARN_COMMA = YES;
				CLANG_WARN_CONSTANT_CONVERSION = YES;
				CLANG_WARN_DEPRECATED_OBJC_IMPLEMENTATIONS = YES;
				CLANG_WARN_DIRECT_OBJC_ISA_USAGE = YES_ERROR;
				CLANG_WARN_DOCUMENTATION_COMMENTS = YES;
				CLANG_WARN_EMPTY_BODY = YES;
				CLANG_WARN_ENUM_CONVERSION = YES;
				CLANG_WARN_INFINITE_RECURSION = YES;
				CLANG_WARN_INT_CONVERSION = YES;
				CLANG_WARN_NON_LITERAL_NULL_CONVERSION = YES;
				CLANG_WARN_OBJC_IMPLICIT_RETAIN_SELF = YES;
				CLANG_WARN_OBJC_LITERAL_CONVERSION = YES;
				CLANG_WARN_OBJC_ROOT_CLASS = YES_ERROR;
				CLANG_WARN_RANGE_LOOP_ANALYSIS = YES;
				CLANG_WARN_STRICT_PROTOTYPES = YES;
				CLANG_WARN_SUSPICIOUS_MOVE = YES;
				CLANG_WARN_UNGUARDED_AVAILABILITY = YES_AGGRESSIVE;
				CLANG_WARN_UNREACHABLE_CODE = YES;
				CLANG_WARN__DUPLICATE_METHOD_MATCH = YES;
				CODE_SIGN_IDENTITY = "iPhone Developer";
				COPY_PHASE_STRIP = NO;
				DEBUG_INFORMATION_FORMAT = dwarf;
				ENABLE_STRICT_OBJC_MSGSEND = YES;
				ENABLE_TESTABILITY = YES;
				GCC_C_LANGUAGE_STANDARD = gnu11;
				GCC_DYNAMIC_NO_PIC = NO;
				GCC_NO_COMMON_BLOCKS = YES;
				GCC_OPTIMIZATION_LEVEL = 0;
				GCC_PREPROCESSOR_DEFINITIONS = (
					"DEBUG=1",
					"$(inherited)",
				);
				GCC_WARN_64_TO_32_BIT_CONVERSION = YES;
				GCC_WARN_ABOUT_RETURN_TYPE = YES_ERROR;
				GCC_WARN_UNDECLARED_SELECTOR = YES;
				GCC_WARN_UNINITIALIZED_AUTOS = YES_AGGRESSIVE;
				GCC_WARN_UNUSED_FUNCTION = YES;
				GCC_WARN_UNUSED_VARIABLE = YES;
				IPHONEOS_DEPLOYMENT_TARGET = 12.4;
				MTL_ENABLE_DEBUG_INFO = INCLUDE_SOURCE;
				MTL_FAST_MATH = YES;
				ONLY_ACTIVE_ARCH = YES;
				SDKROOT = iphoneos;
				SWIFT_ACTIVE_COMPILATION_CONDITIONS = DEBUG;
				SWIFT_OPTIMIZATION_LEVEL = "-Onone";
			};
			name = Debug;
		};
		6FD0F93D22F44D20007E3505 /* Release */ = {
			isa = XCBuildConfiguration;
			buildSettings = {
				ALWAYS_SEARCH_USER_PATHS = NO;
				CLANG_ANALYZER_NONNULL = YES;
				CLANG_ANALYZER_NUMBER_OBJECT_CONVERSION = YES_AGGRESSIVE;
				CLANG_CXX_LANGUAGE_STANDARD = "gnu++14";
				CLANG_CXX_LIBRARY = "libc++";
				CLANG_ENABLE_MODULES = YES;
				CLANG_ENABLE_OBJC_ARC = YES;
				CLANG_ENABLE_OBJC_WEAK = YES;
				CLANG_WARN_BLOCK_CAPTURE_AUTORELEASING = YES;
				CLANG_WARN_BOOL_CONVERSION = YES;
				CLANG_WARN_COMMA = YES;
				CLANG_WARN_CONSTANT_CONVERSION = YES;
				CLANG_WARN_DEPRECATED_OBJC_IMPLEMENTATIONS = YES;
				CLANG_WARN_DIRECT_OBJC_ISA_USAGE = YES_ERROR;
				CLANG_WARN_DOCUMENTATION_COMMENTS = YES;
				CLANG_WARN_EMPTY_BODY = YES;
				CLANG_WARN_ENUM_CONVERSION = YES;
				CLANG_WARN_INFINITE_RECURSION = YES;
				CLANG_WARN_INT_CONVERSION = YES;
				CLANG_WARN_NON_LITERAL_NULL_CONVERSION = YES;
				CLANG_WARN_OBJC_IMPLICIT_RETAIN_SELF = YES;
				CLANG_WARN_OBJC_LITERAL_CONVERSION = YES;
				CLANG_WARN_OBJC_ROOT_CLASS = YES_ERROR;
				CLANG_WARN_RANGE_LOOP_ANALYSIS = YES;
				CLANG_WARN_STRICT_PROTOTYPES = YES;
				CLANG_WARN_SUSPICIOUS_MOVE = YES;
				CLANG_WARN_UNGUARDED_AVAILABILITY = YES_AGGRESSIVE;
				CLANG_WARN_UNREACHABLE_CODE = YES;
				CLANG_WARN__DUPLICATE_METHOD_MATCH = YES;
				CODE_SIGN_IDENTITY = "iPhone Developer";
				COPY_PHASE_STRIP = NO;
				DEBUG_INFORMATION_FORMAT = "dwarf-with-dsym";
				ENABLE_NS_ASSERTIONS = NO;
				ENABLE_STRICT_OBJC_MSGSEND = YES;
				GCC_C_LANGUAGE_STANDARD = gnu11;
				GCC_NO_COMMON_BLOCKS = YES;
				GCC_WARN_64_TO_32_BIT_CONVERSION = YES;
				GCC_WARN_ABOUT_RETURN_TYPE = YES_ERROR;
				GCC_WARN_UNDECLARED_SELECTOR = YES;
				GCC_WARN_UNINITIALIZED_AUTOS = YES_AGGRESSIVE;
				GCC_WARN_UNUSED_FUNCTION = YES;
				GCC_WARN_UNUSED_VARIABLE = YES;
				IPHONEOS_DEPLOYMENT_TARGET = 12.4;
				MTL_ENABLE_DEBUG_INFO = NO;
				MTL_FAST_MATH = YES;
				SDKROOT = iphoneos;
				SWIFT_COMPILATION_MODE = wholemodule;
				SWIFT_OPTIMIZATION_LEVEL = "-O";
				VALIDATE_PRODUCT = YES;
			};
			name = Release;
		};
		6FD0F93F22F44D20007E3505 /* Debug */ = {
			isa = XCBuildConfiguration;
			baseConfigurationReference = 112FFA5F68BFF528C77FF49A /* Pods-EngineerAITest.debug.xcconfig */;
			buildSettings = {
				ASSETCATALOG_COMPILER_APPICON_NAME = AppIcon;
				CODE_SIGN_STYLE = Automatic;
				INFOPLIST_FILE = EngineerAITest/Info.plist;
				LD_RUNPATH_SEARCH_PATHS = (
					"$(inherited)",
					"@executable_path/Frameworks",
				);
				PRODUCT_BUNDLE_IDENTIFIER = test.EngineerAITest;
				PRODUCT_NAME = "$(TARGET_NAME)";
				SWIFT_VERSION = 5.0;
				TARGETED_DEVICE_FAMILY = "1,2";
			};
			name = Debug;
		};
		6FD0F94022F44D20007E3505 /* Release */ = {
			isa = XCBuildConfiguration;
			baseConfigurationReference = EEC2B341D3BCCD38EF952AA5 /* Pods-EngineerAITest.release.xcconfig */;
			buildSettings = {
				ASSETCATALOG_COMPILER_APPICON_NAME = AppIcon;
				CODE_SIGN_STYLE = Automatic;
				INFOPLIST_FILE = EngineerAITest/Info.plist;
				LD_RUNPATH_SEARCH_PATHS = (
					"$(inherited)",
					"@executable_path/Frameworks",
				);
				PRODUCT_BUNDLE_IDENTIFIER = test.EngineerAITest;
				PRODUCT_NAME = "$(TARGET_NAME)";
				SWIFT_VERSION = 5.0;
				TARGETED_DEVICE_FAMILY = "1,2";
			};
			name = Release;
		};
/* End XCBuildConfiguration section */

/* Begin XCConfigurationList section */
		6FD0F92722F44D1F007E3505 /* Build configuration list for PBXProject "EngineerAITest" */ = {
			isa = XCConfigurationList;
			buildConfigurations = (
				6FD0F93C22F44D20007E3505 /* Debug */,
				6FD0F93D22F44D20007E3505 /* Release */,
			);
			defaultConfigurationIsVisible = 0;
			defaultConfigurationName = Release;
		};
		6FD0F93E22F44D20007E3505 /* Build configuration list for PBXNativeTarget "EngineerAITest" */ = {
			isa = XCConfigurationList;
			buildConfigurations = (
				6FD0F93F22F44D20007E3505 /* Debug */,
				6FD0F94022F44D20007E3505 /* Release */,
			);
			defaultConfigurationIsVisible = 0;
			defaultConfigurationName = Release;
		};
/* End XCConfigurationList section */
	};
	rootObject = 6FD0F92422F44D1F007E3505 /* Project object */;
}
