// !$*UTF8*$!
{
	archiveVersion = 1;
	classes = {
	};
	objectVersion = 50;
	objects = {

/* Begin PBXBuildFile section */
		6F69D96322C9FBEC00712B26 /* PushButton.swift in Sources */ = {isa = PBXBuildFile; fileRef = 6F69D96222C9FBEC00712B26 /* PushButton.swift */; };
		6F69D96522CA0FF200712B26 /* CounterView.swift in Sources */ = {isa = PBXBuildFile; fileRef = 6F69D96422CA0FF200712B26 /* CounterView.swift */; };
		6F69D96722CA192D00712B26 /* CustomShapeButton.swift in Sources */ = {isa = PBXBuildFile; fileRef = 6F69D96622CA192D00712B26 /* CustomShapeButton.swift */; };
		6FA808D422F074E7002DB863 /* CommonHealthKit.swift in Sources */ = {isa = PBXBuildFile; fileRef = 6FA808D322F074E7002DB863 /* CommonHealthKit.swift */; };
		6FAD05B522EEC10D005FB49B /* HealthKitInterface.swift in Sources */ = {isa = PBXBuildFile; fileRef = 6FAD05B422EEC10D005FB49B /* HealthKitInterface.swift */; };
		6FBAA82822C602A000E6EDA5 /* AppDelegate.swift in Sources */ = {isa = PBXBuildFile; fileRef = 6FBAA82722C602A000E6EDA5 /* AppDelegate.swift */; };
		6FBAA82A22C602A000E6EDA5 /* ViewController.swift in Sources */ = {isa = PBXBuildFile; fileRef = 6FBAA82922C602A000E6EDA5 /* ViewController.swift */; };
		6FBAA82D22C602A000E6EDA5 /* Main.storyboard in Resources */ = {isa = PBXBuildFile; fileRef = 6FBAA82B22C602A000E6EDA5 /* Main.storyboard */; };
		6FBAA82F22C602A100E6EDA5 /* Assets.xcassets in Resources */ = {isa = PBXBuildFile; fileRef = 6FBAA82E22C602A100E6EDA5 /* Assets.xcassets */; };
		6FBAA83222C602A100E6EDA5 /* LaunchScreen.storyboard in Resources */ = {isa = PBXBuildFile; fileRef = 6FBAA83022C602A100E6EDA5 /* LaunchScreen.storyboard */; };
		6FC622BE22E1B5540003E3D4 /* UserHealthDataViewController.swift in Sources */ = {isa = PBXBuildFile; fileRef = 6FC622BD22E1B5540003E3D4 /* UserHealthDataViewController.swift */; };
		6FC622C522E1BE570003E3D4 /* HealthKit.framework in Frameworks */ = {isa = PBXBuildFile; fileRef = 6FC622C422E1BE570003E3D4 /* HealthKit.framework */; };
		6FCD8ABC22CB16C800B3142F /* CustomBtnTestViewController.swift in Sources */ = {isa = PBXBuildFile; fileRef = 6FCD8ABB22CB16C800B3142F /* CustomBtnTestViewController.swift */; };
		6FCD8AC722CB1F6500B3142F /* Gradient.swift in Sources */ = {isa = PBXBuildFile; fileRef = 6FCD8AC522CB1F6500B3142F /* Gradient.swift */; };
		6FCD8AC822CB1F6500B3142F /* UIView+Extension.swift in Sources */ = {isa = PBXBuildFile; fileRef = 6FCD8AC622CB1F6500B3142F /* UIView+Extension.swift */; };
		92501918F2C6CAC72CF46B3A /* Pods_labelTestDemo.framework in Frameworks */ = {isa = PBXBuildFile; fileRef = 2EF8448F63413029AE2A1587 /* Pods_labelTestDemo.framework */; };
/* End PBXBuildFile section */

/* Begin PBXFileReference section */
		2EF8448F63413029AE2A1587 /* Pods_labelTestDemo.framework */ = {isa = PBXFileReference; explicitFileType = wrapper.framework; includeInIndex = 0; path = Pods_labelTestDemo.framework; sourceTree = BUILT_PRODUCTS_DIR; };
		6F69D96222C9FBEC00712B26 /* PushButton.swift */ = {isa = PBXFileReference; lastKnownFileType = sourcecode.swift; path = PushButton.swift; sourceTree = "<group>"; };
		6F69D96422CA0FF200712B26 /* CounterView.swift */ = {isa = PBXFileReference; lastKnownFileType = sourcecode.swift; path = CounterView.swift; sourceTree = "<group>"; };
		6F69D96622CA192D00712B26 /* CustomShapeButton.swift */ = {isa = PBXFileReference; lastKnownFileType = sourcecode.swift; path = CustomShapeButton.swift; sourceTree = "<group>"; };
		6FA808D322F074E7002DB863 /* CommonHealthKit.swift */ = {isa = PBXFileReference; lastKnownFileType = sourcecode.swift; path = CommonHealthKit.swift; sourceTree = "<group>"; };
		6FAD05B422EEC10D005FB49B /* HealthKitInterface.swift */ = {isa = PBXFileReference; lastKnownFileType = sourcecode.swift; path = HealthKitInterface.swift; sourceTree = "<group>"; };
		6FBAA82422C602A000E6EDA5 /* labelTestDemo.app */ = {isa = PBXFileReference; explicitFileType = wrapper.application; includeInIndex = 0; path = labelTestDemo.app; sourceTree = BUILT_PRODUCTS_DIR; };
		6FBAA82722C602A000E6EDA5 /* AppDelegate.swift */ = {isa = PBXFileReference; lastKnownFileType = sourcecode.swift; path = AppDelegate.swift; sourceTree = "<group>"; };
		6FBAA82922C602A000E6EDA5 /* ViewController.swift */ = {isa = PBXFileReference; lastKnownFileType = sourcecode.swift; path = ViewController.swift; sourceTree = "<group>"; };
		6FBAA82C22C602A000E6EDA5 /* Base */ = {isa = PBXFileReference; lastKnownFileType = file.storyboard; name = Base; path = Base.lproj/Main.storyboard; sourceTree = "<group>"; };
		6FBAA82E22C602A100E6EDA5 /* Assets.xcassets */ = {isa = PBXFileReference; lastKnownFileType = folder.assetcatalog; path = Assets.xcassets; sourceTree = "<group>"; };
		6FBAA83122C602A100E6EDA5 /* Base */ = {isa = PBXFileReference; lastKnownFileType = file.storyboard; name = Base; path = Base.lproj/LaunchScreen.storyboard; sourceTree = "<group>"; };
		6FBAA83322C602A100E6EDA5 /* Info.plist */ = {isa = PBXFileReference; lastKnownFileType = text.plist.xml; path = Info.plist; sourceTree = "<group>"; };
		6FC622BD22E1B5540003E3D4 /* UserHealthDataViewController.swift */ = {isa = PBXFileReference; lastKnownFileType = sourcecode.swift; path = UserHealthDataViewController.swift; sourceTree = "<group>"; };
		6FC622C122E1B9650003E3D4 /* labelTestDemo.entitlements */ = {isa = PBXFileReference; lastKnownFileType = text.plist.entitlements; path = labelTestDemo.entitlements; sourceTree = "<group>"; };
		6FC622C422E1BE570003E3D4 /* HealthKit.framework */ = {isa = PBXFileReference; lastKnownFileType = wrapper.framework; name = HealthKit.framework; path = System/Library/Frameworks/HealthKit.framework; sourceTree = SDKROOT; };
		6FCD8ABB22CB16C800B3142F /* CustomBtnTestViewController.swift */ = {isa = PBXFileReference; lastKnownFileType = sourcecode.swift; path = CustomBtnTestViewController.swift; sourceTree = "<group>"; };
		6FCD8AC522CB1F6500B3142F /* Gradient.swift */ = {isa = PBXFileReference; fileEncoding = 4; lastKnownFileType = sourcecode.swift; path = Gradient.swift; sourceTree = "<group>"; };
		6FCD8AC622CB1F6500B3142F /* UIView+Extension.swift */ = {isa = PBXFileReference; fileEncoding = 4; lastKnownFileType = sourcecode.swift; path = "UIView+Extension.swift"; sourceTree = "<group>"; };
		7F81FF5FDBA3E4051806E416 /* Pods-labelTestDemo.release.xcconfig */ = {isa = PBXFileReference; includeInIndex = 1; lastKnownFileType = text.xcconfig; name = "Pods-labelTestDemo.release.xcconfig"; path = "Pods/Target Support Files/Pods-labelTestDemo/Pods-labelTestDemo.release.xcconfig"; sourceTree = "<group>"; };
		B17CACBD752E9055689D24D7 /* Pods-labelTestDemo.debug.xcconfig */ = {isa = PBXFileReference; includeInIndex = 1; lastKnownFileType = text.xcconfig; name = "Pods-labelTestDemo.debug.xcconfig"; path = "Pods/Target Support Files/Pods-labelTestDemo/Pods-labelTestDemo.debug.xcconfig"; sourceTree = "<group>"; };
/* End PBXFileReference section */

/* Begin PBXFrameworksBuildPhase section */
		6FBAA82122C602A000E6EDA5 /* Frameworks */ = {
			isa = PBXFrameworksBuildPhase;
			buildActionMask = 2147483647;
			files = (
				92501918F2C6CAC72CF46B3A /* Pods_labelTestDemo.framework in Frameworks */,
				6FC622C522E1BE570003E3D4 /* HealthKit.framework in Frameworks */,
			);
			runOnlyForDeploymentPostprocessing = 0;
		};
/* End PBXFrameworksBuildPhase section */

/* Begin PBXGroup section */
		33A9BADB5FF4DCADE442F222 /* Pods */ = {
			isa = PBXGroup;
			children = (
				B17CACBD752E9055689D24D7 /* Pods-labelTestDemo.debug.xcconfig */,
				7F81FF5FDBA3E4051806E416 /* Pods-labelTestDemo.release.xcconfig */,
			);
			name = Pods;
			sourceTree = "<group>";
		};
		41EA16D8AC5E30B070173C17 /* Frameworks */ = {
			isa = PBXGroup;
			children = (
				6FC622C422E1BE570003E3D4 /* HealthKit.framework */,
				2EF8448F63413029AE2A1587 /* Pods_labelTestDemo.framework */,
			);
			name = Frameworks;
			sourceTree = "<group>";
		};
		6FBAA81B22C602A000E6EDA5 = {
			isa = PBXGroup;
			children = (
				6FBAA82622C602A000E6EDA5 /* labelTestDemo */,
				6FBAA82522C602A000E6EDA5 /* Products */,
				33A9BADB5FF4DCADE442F222 /* Pods */,
				41EA16D8AC5E30B070173C17 /* Frameworks */,
			);
			sourceTree = "<group>";
		};
		6FBAA82522C602A000E6EDA5 /* Products */ = {
			isa = PBXGroup;
			children = (
				6FBAA82422C602A000E6EDA5 /* labelTestDemo.app */,
			);
			name = Products;
			sourceTree = "<group>";
		};
		6FBAA82622C602A000E6EDA5 /* labelTestDemo */ = {
			isa = PBXGroup;
			children = (
				6FC622C122E1B9650003E3D4 /* labelTestDemo.entitlements */,
				6FBAA82722C602A000E6EDA5 /* AppDelegate.swift */,
				6FCD8ACB22CB1F9700B3142F /* Utility */,
				6FCD8AC922CB1F6E00B3142F /* Extensions */,
				6FCD8ACA22CB1F7D00B3142F /* ViewControllers */,
				6FBAA82B22C602A000E6EDA5 /* Main.storyboard */,
				6FBAA83022C602A100E6EDA5 /* LaunchScreen.storyboard */,
				6FBAA82E22C602A100E6EDA5 /* Assets.xcassets */,
				6FBAA83322C602A100E6EDA5 /* Info.plist */,
			);
			path = labelTestDemo;
			sourceTree = "<group>";
		};
		6FCD8AC922CB1F6E00B3142F /* Extensions */ = {
			isa = PBXGroup;
			children = (
				6FCD8AC522CB1F6500B3142F /* Gradient.swift */,
				6FCD8AC622CB1F6500B3142F /* UIView+Extension.swift */,
			);
			path = Extensions;
			sourceTree = "<group>";
		};
		6FCD8ACA22CB1F7D00B3142F /* ViewControllers */ = {
			isa = PBXGroup;
			children = (
				6FBAA82922C602A000E6EDA5 /* ViewController.swift */,
				6FCD8ABB22CB16C800B3142F /* CustomBtnTestViewController.swift */,
				6FC622BD22E1B5540003E3D4 /* UserHealthDataViewController.swift */,
			);
			path = ViewControllers;
			sourceTree = "<group>";
		};
		6FCD8ACB22CB1F9700B3142F /* Utility */ = {
			isa = PBXGroup;
			children = (
				6F69D96222C9FBEC00712B26 /* PushButton.swift */,
				6F69D96422CA0FF200712B26 /* CounterView.swift */,
				6F69D96622CA192D00712B26 /* CustomShapeButton.swift */,
				6FAD05B422EEC10D005FB49B /* HealthKitInterface.swift */,
				6FA808D322F074E7002DB863 /* CommonHealthKit.swift */,
			);
			path = Utility;
			sourceTree = "<group>";
		};
/* End PBXGroup section */

/* Begin PBXNativeTarget section */
		6FBAA82322C602A000E6EDA5 /* labelTestDemo */ = {
			isa = PBXNativeTarget;
			buildConfigurationList = 6FBAA83622C602A100E6EDA5 /* Build configuration list for PBXNativeTarget "labelTestDemo" */;
			buildPhases = (
				51F2C1230A7E876703954D59 /* [CP] Check Pods Manifest.lock */,
				6FBAA82022C602A000E6EDA5 /* Sources */,
				6FBAA82122C602A000E6EDA5 /* Frameworks */,
				6FBAA82222C602A000E6EDA5 /* Resources */,
				C400297B120B9D8EFB235185 /* [CP] Embed Pods Frameworks */,
			);
			buildRules = (
			);
			dependencies = (
			);
			name = labelTestDemo;
			productName = labelTestDemo;
			productReference = 6FBAA82422C602A000E6EDA5 /* labelTestDemo.app */;
			productType = "com.apple.product-type.application";
		};
/* End PBXNativeTarget section */

/* Begin PBXProject section */
		6FBAA81C22C602A000E6EDA5 /* Project object */ = {
			isa = PBXProject;
			attributes = {
				LastSwiftUpdateCheck = 1020;
				LastUpgradeCheck = 1020;
				ORGANIZATIONNAME = PCQ184;
				TargetAttributes = {
					6FBAA82322C602A000E6EDA5 = {
						CreatedOnToolsVersion = 10.2.1;
						SystemCapabilities = {
							com.apple.BackgroundModes = {
								enabled = 0;
							};
							com.apple.HealthKit = {
								enabled = 1;
							};
						};
					};
				};
			};
			buildConfigurationList = 6FBAA81F22C602A000E6EDA5 /* Build configuration list for PBXProject "labelTestDemo" */;
			compatibilityVersion = "Xcode 9.3";
			developmentRegion = en;
			hasScannedForEncodings = 0;
			knownRegions = (
				en,
				Base,
			);
			mainGroup = 6FBAA81B22C602A000E6EDA5;
			productRefGroup = 6FBAA82522C602A000E6EDA5 /* Products */;
			projectDirPath = "";
			projectRoot = "";
			targets = (
				6FBAA82322C602A000E6EDA5 /* labelTestDemo */,
			);
		};
/* End PBXProject section */

/* Begin PBXResourcesBuildPhase section */
		6FBAA82222C602A000E6EDA5 /* Resources */ = {
			isa = PBXResourcesBuildPhase;
			buildActionMask = 2147483647;
			files = (
				6FBAA83222C602A100E6EDA5 /* LaunchScreen.storyboard in Resources */,
				6FBAA82F22C602A100E6EDA5 /* Assets.xcassets in Resources */,
				6FBAA82D22C602A000E6EDA5 /* Main.storyboard in Resources */,
			);
			runOnlyForDeploymentPostprocessing = 0;
		};
/* End PBXResourcesBuildPhase section */

/* Begin PBXShellScriptBuildPhase section */
		51F2C1230A7E876703954D59 /* [CP] Check Pods Manifest.lock */ = {
			isa = PBXShellScriptBuildPhase;
			buildActionMask = 2147483647;
			files = (
			);
			inputFileListPaths = (
			);
			inputPaths = (
				"${PODS_PODFILE_DIR_PATH}/Podfile.lock",
				"${PODS_ROOT}/Manifest.lock",
			);
			name = "[CP] Check Pods Manifest.lock";
			outputFileListPaths = (
			);
			outputPaths = (
				"$(DERIVED_FILE_DIR)/Pods-labelTestDemo-checkManifestLockResult.txt",
			);
			runOnlyForDeploymentPostprocessing = 0;
			shellPath = /bin/sh;
			shellScript = "diff \"${PODS_PODFILE_DIR_PATH}/Podfile.lock\" \"${PODS_ROOT}/Manifest.lock\" > /dev/null\nif [ $? != 0 ] ; then\n    # print error to STDERR\n    echo \"error: The sandbox is not in sync with the Podfile.lock. Run 'pod install' or update your CocoaPods installation.\" >&2\n    exit 1\nfi\n# This output is used by Xcode 'outputs' to avoid re-running this script phase.\necho \"SUCCESS\" > \"${SCRIPT_OUTPUT_FILE_0}\"\n";
			showEnvVarsInLog = 0;
		};
		C400297B120B9D8EFB235185 /* [CP] Embed Pods Frameworks */ = {
			isa = PBXShellScriptBuildPhase;
			buildActionMask = 2147483647;
			files = (
			);
			inputFileListPaths = (
			);
			inputPaths = (
				"${SRCROOT}/Pods/Target Support Files/Pods-labelTestDemo/Pods-labelTestDemo-frameworks.sh",
				"${BUILT_PRODUCTS_DIR}/SkyFloatingLabelTextField/SkyFloatingLabelTextField.framework",
			);
			name = "[CP] Embed Pods Frameworks";
			outputFileListPaths = (
			);
			outputPaths = (
				"${TARGET_BUILD_DIR}/${FRAMEWORKS_FOLDER_PATH}/SkyFloatingLabelTextField.framework",
			);
			runOnlyForDeploymentPostprocessing = 0;
			shellPath = /bin/sh;
			shellScript = "\"${SRCROOT}/Pods/Target Support Files/Pods-labelTestDemo/Pods-labelTestDemo-frameworks.sh\"\n";
			showEnvVarsInLog = 0;
		};
/* End PBXShellScriptBuildPhase section */

/* Begin PBXSourcesBuildPhase section */
		6FBAA82022C602A000E6EDA5 /* Sources */ = {
			isa = PBXSourcesBuildPhase;
			buildActionMask = 2147483647;
			files = (
				6FC622BE22E1B5540003E3D4 /* UserHealthDataViewController.swift in Sources */,
				6F69D96722CA192D00712B26 /* CustomShapeButton.swift in Sources */,
				6FBAA82A22C602A000E6EDA5 /* ViewController.swift in Sources */,
				6FA808D422F074E7002DB863 /* CommonHealthKit.swift in Sources */,
				6FCD8AC822CB1F6500B3142F /* UIView+Extension.swift in Sources */,
				6FAD05B522EEC10D005FB49B /* HealthKitInterface.swift in Sources */,
				6FCD8ABC22CB16C800B3142F /* CustomBtnTestViewController.swift in Sources */,
				6FCD8AC722CB1F6500B3142F /* Gradient.swift in Sources */,
				6FBAA82822C602A000E6EDA5 /* AppDelegate.swift in Sources */,
				6F69D96322C9FBEC00712B26 /* PushButton.swift in Sources */,
				6F69D96522CA0FF200712B26 /* CounterView.swift in Sources */,
			);
			runOnlyForDeploymentPostprocessing = 0;
		};
/* End PBXSourcesBuildPhase section */

/* Begin PBXVariantGroup section */
		6FBAA82B22C602A000E6EDA5 /* Main.storyboard */ = {
			isa = PBXVariantGroup;
			children = (
				6FBAA82C22C602A000E6EDA5 /* Base */,
			);
			name = Main.storyboard;
			sourceTree = "<group>";
		};
		6FBAA83022C602A100E6EDA5 /* LaunchScreen.storyboard */ = {
			isa = PBXVariantGroup;
			children = (
				6FBAA83122C602A100E6EDA5 /* Base */,
			);
			name = LaunchScreen.storyboard;
			sourceTree = "<group>";
		};
/* End PBXVariantGroup section */

/* Begin XCBuildConfiguration section */
		6FBAA83422C602A100E6EDA5 /* Debug */ = {
			isa = XCBuildConfiguration;
			buildSettings = {
				ALWAYS_SEARCH_USER_PATHS = NO;
				CLANG_ANALYZER_NONNULL = YES;
				CLANG_ANALYZER_NUMBER_OBJECT_CONVERSION = YES_AGGRESSIVE;
				CLANG_CXX_LANGUAGE_STANDARD = "gnu++14";
				CLANG_CXX_LIBRARY = "libc++";
				CLANG_ENABLE_MODULES = YES;
				CLANG_ENABLE_OBJC_ARC = YES;
				CLANG_ENABLE_OBJC_WEAK = YES;
				CLANG_WARN_BLOCK_CAPTURE_AUTORELEASING = YES;
				CLANG_WARN_BOOL_CONVERSION = YES;
				CLANG_WARN_COMMA = YES;
				CLANG_WARN_CONSTANT_CONVERSION = YES;
				CLANG_WARN_DEPRECATED_OBJC_IMPLEMENTATIONS = YES;
				CLANG_WARN_DIRECT_OBJC_ISA_USAGE = YES_ERROR;
				CLANG_WARN_DOCUMENTATION_COMMENTS = YES;
				CLANG_WARN_EMPTY_BODY = YES;
				CLANG_WARN_ENUM_CONVERSION = YES;
				CLANG_WARN_INFINITE_RECURSION = YES;
				CLANG_WARN_INT_CONVERSION = YES;
				CLANG_WARN_NON_LITERAL_NULL_CONVERSION = YES;
				CLANG_WARN_OBJC_IMPLICIT_RETAIN_SELF = YES;
				CLANG_WARN_OBJC_LITERAL_CONVERSION = YES;
				CLANG_WARN_OBJC_ROOT_CLASS = YES_ERROR;
				CLANG_WARN_RANGE_LOOP_ANALYSIS = YES;
				CLANG_WARN_STRICT_PROTOTYPES = YES;
				CLANG_WARN_SUSPICIOUS_MOVE = YES;
				CLANG_WARN_UNGUARDED_AVAILABILITY = YES_AGGRESSIVE;
				CLANG_WARN_UNREACHABLE_CODE = YES;
				CLANG_WARN__DUPLICATE_METHOD_MATCH = YES;
				CODE_SIGN_IDENTITY = "iPhone Developer";
				COPY_PHASE_STRIP = NO;
				DEBUG_INFORMATION_FORMAT = dwarf;
				ENABLE_STRICT_OBJC_MSGSEND = YES;
				ENABLE_TESTABILITY = YES;
				GCC_C_LANGUAGE_STANDARD = gnu11;
				GCC_DYNAMIC_NO_PIC = NO;
				GCC_NO_COMMON_BLOCKS = YES;
				GCC_OPTIMIZATION_LEVEL = 0;
				GCC_PREPROCESSOR_DEFINITIONS = (
					"DEBUG=1",
					"$(inherited)",
				);
				GCC_WARN_64_TO_32_BIT_CONVERSION = YES;
				GCC_WARN_ABOUT_RETURN_TYPE = YES_ERROR;
				GCC_WARN_UNDECLARED_SELECTOR = YES;
				GCC_WARN_UNINITIALIZED_AUTOS = YES_AGGRESSIVE;
				GCC_WARN_UNUSED_FUNCTION = YES;
				GCC_WARN_UNUSED_VARIABLE = YES;
				IPHONEOS_DEPLOYMENT_TARGET = 12.2;
				MTL_ENABLE_DEBUG_INFO = INCLUDE_SOURCE;
				MTL_FAST_MATH = YES;
				ONLY_ACTIVE_ARCH = YES;
				SDKROOT = iphoneos;
				SWIFT_ACTIVE_COMPILATION_CONDITIONS = DEBUG;
				SWIFT_OPTIMIZATION_LEVEL = "-Onone";
			};
			name = Debug;
		};
		6FBAA83522C602A100E6EDA5 /* Release */ = {
			isa = XCBuildConfiguration;
			buildSettings = {
				ALWAYS_SEARCH_USER_PATHS = NO;
				CLANG_ANALYZER_NONNULL = YES;
				CLANG_ANALYZER_NUMBER_OBJECT_CONVERSION = YES_AGGRESSIVE;
				CLANG_CXX_LANGUAGE_STANDARD = "gnu++14";
				CLANG_CXX_LIBRARY = "libc++";
				CLANG_ENABLE_MODULES = YES;
				CLANG_ENABLE_OBJC_ARC = YES;
				CLANG_ENABLE_OBJC_WEAK = YES;
				CLANG_WARN_BLOCK_CAPTURE_AUTORELEASING = YES;
				CLANG_WARN_BOOL_CONVERSION = YES;
				CLANG_WARN_COMMA = YES;
				CLANG_WARN_CONSTANT_CONVERSION = YES;
				CLANG_WARN_DEPRECATED_OBJC_IMPLEMENTATIONS = YES;
				CLANG_WARN_DIRECT_OBJC_ISA_USAGE = YES_ERROR;
				CLANG_WARN_DOCUMENTATION_COMMENTS = YES;
				CLANG_WARN_EMPTY_BODY = YES;
				CLANG_WARN_ENUM_CONVERSION = YES;
				CLANG_WARN_INFINITE_RECURSION = YES;
				CLANG_WARN_INT_CONVERSION = YES;
				CLANG_WARN_NON_LITERAL_NULL_CONVERSION = YES;
				CLANG_WARN_OBJC_IMPLICIT_RETAIN_SELF = YES;
				CLANG_WARN_OBJC_LITERAL_CONVERSION = YES;
				CLANG_WARN_OBJC_ROOT_CLASS = YES_ERROR;
				CLANG_WARN_RANGE_LOOP_ANALYSIS = YES;
				CLANG_WARN_STRICT_PROTOTYPES = YES;
				CLANG_WARN_SUSPICIOUS_MOVE = YES;
				CLANG_WARN_UNGUARDED_AVAILABILITY = YES_AGGRESSIVE;
				CLANG_WARN_UNREACHABLE_CODE = YES;
				CLANG_WARN__DUPLICATE_METHOD_MATCH = YES;
				CODE_SIGN_IDENTITY = "iPhone Developer";
				COPY_PHASE_STRIP = NO;
				DEBUG_INFORMATION_FORMAT = "dwarf-with-dsym";
				ENABLE_NS_ASSERTIONS = NO;
				ENABLE_STRICT_OBJC_MSGSEND = YES;
				GCC_C_LANGUAGE_STANDARD = gnu11;
				GCC_NO_COMMON_BLOCKS = YES;
				GCC_WARN_64_TO_32_BIT_CONVERSION = YES;
				GCC_WARN_ABOUT_RETURN_TYPE = YES_ERROR;
				GCC_WARN_UNDECLARED_SELECTOR = YES;
				GCC_WARN_UNINITIALIZED_AUTOS = YES_AGGRESSIVE;
				GCC_WARN_UNUSED_FUNCTION = YES;
				GCC_WARN_UNUSED_VARIABLE = YES;
				IPHONEOS_DEPLOYMENT_TARGET = 12.2;
				MTL_ENABLE_DEBUG_INFO = NO;
				MTL_FAST_MATH = YES;
				SDKROOT = iphoneos;
				SWIFT_COMPILATION_MODE = wholemodule;
				SWIFT_OPTIMIZATION_LEVEL = "-O";
				VALIDATE_PRODUCT = YES;
			};
			name = Release;
		};
		6FBAA83722C602A100E6EDA5 /* Debug */ = {
			isa = XCBuildConfiguration;
			baseConfigurationReference = B17CACBD752E9055689D24D7 /* Pods-labelTestDemo.debug.xcconfig */;
			buildSettings = {
				ASSETCATALOG_COMPILER_APPICON_NAME = AppIcon;
				CODE_SIGN_ENTITLEMENTS = labelTestDemo/labelTestDemo.entitlements;
				CODE_SIGN_STYLE = Automatic;
				DEVELOPMENT_TEAM = 2CVFPJBTGD;
				INFOPLIST_FILE = labelTestDemo/Info.plist;
				LD_RUNPATH_SEARCH_PATHS = (
					"$(inherited)",
					"@executable_path/Frameworks",
				);
				PRODUCT_BUNDLE_IDENTIFIER = test.labelTestDemo;
				PRODUCT_NAME = "$(TARGET_NAME)";
				SWIFT_VERSION = 5.0;
				TARGETED_DEVICE_FAMILY = "1,2";
			};
			name = Debug;
		};
		6FBAA83822C602A100E6EDA5 /* Release */ = {
			isa = XCBuildConfiguration;
			baseConfigurationReference = 7F81FF5FDBA3E4051806E416 /* Pods-labelTestDemo.release.xcconfig */;
			buildSettings = {
				ASSETCATALOG_COMPILER_APPICON_NAME = AppIcon;
				CODE_SIGN_ENTITLEMENTS = labelTestDemo/labelTestDemo.entitlements;
				CODE_SIGN_STYLE = Automatic;
				DEVELOPMENT_TEAM = 2CVFPJBTGD;
				INFOPLIST_FILE = labelTestDemo/Info.plist;
				LD_RUNPATH_SEARCH_PATHS = (
					"$(inherited)",
					"@executable_path/Frameworks",
				);
				PRODUCT_BUNDLE_IDENTIFIER = test.labelTestDemo;
				PRODUCT_NAME = "$(TARGET_NAME)";
				SWIFT_VERSION = 5.0;
				TARGETED_DEVICE_FAMILY = "1,2";
			};
			name = Release;
		};
/* End XCBuildConfiguration section */

/* Begin XCConfigurationList section */
		6FBAA81F22C602A000E6EDA5 /* Build configuration list for PBXProject "labelTestDemo" */ = {
			isa = XCConfigurationList;
			buildConfigurations = (
				6FBAA83422C602A100E6EDA5 /* Debug */,
				6FBAA83522C602A100E6EDA5 /* Release */,
			);
			defaultConfigurationIsVisible = 0;
			defaultConfigurationName = Release;
		};
		6FBAA83622C602A100E6EDA5 /* Build configuration list for PBXNativeTarget "labelTestDemo" */ = {
			isa = XCConfigurationList;
			buildConfigurations = (
				6FBAA83722C602A100E6EDA5 /* Debug */,
				6FBAA83822C602A100E6EDA5 /* Release */,
			);
			defaultConfigurationIsVisible = 0;
			defaultConfigurationName = Release;
		};
/* End XCConfigurationList section */
	};
	rootObject = 6FBAA81C22C602A000E6EDA5 /* Project object */;
}
